
Microsoft Visual Studio Solution File, Format Version 12.00
# Visual Studio 14
VisualStudioVersion = 14.0.25420.1
MinimumVisualStudioVersion = 10.0.40219.1
Project("{8BC9CEB8-8B4A-11D0-8D11-00A0C91BC942}") = "firstwindow", "firstwindow\firstwindow.vcxproj", "{A82C22C7-4AB2-40B5-A4C9-A56C9D6DC40D}"
EndProject
Project("{8BC9CEB8-8B4A-11D0-8D11-00A0C91BC942}") = "displayimage", "displayimage\displayimage.vcxproj", "{95F4ADED-8AFB-4281-B0F7-62709BBA95D3}"
EndProject
Project("{8BC9CEB8-8B4A-11D0-8D11-00A0C91BC942}") = "event", "event\event.vcxproj", "{389D02A2-AEF6-440F-B275-83005FEA300D}"
EndProject
Project("{8BC9CEB8-8B4A-11D0-8D11-00A0C91BC942}") = "keypress", "keypress\keypress.vcxproj", "{2A062153-9588-41ED-84AA-3808EF6CDDBD}"
EndProject
Project("{8BC9CEB8-8B4A-11D0-8D11-00A0C91BC942}") = "Optimized Surface Loading and Soft Stretching", "Optimized Surface Loading and Soft Stretching\Optimized Surface Loading and Soft Stretching.vcxproj", "{399FEDFE-22B3-4DB2-9A32-B3CDDA4E9276}"
EndProject
Project("{8BC9CEB8-8B4A-11D0-8D11-00A0C91BC942}") = "Loading PNGs with SDL_image", "Loading PNGs with SDL_image\Loading PNGs with SDL_image.vcxproj", "{BD6A6F1A-1C1C-4AD4-8AD6-60AB15091FC5}"
EndProject
Project("{8BC9CEB8-8B4A-11D0-8D11-00A0C91BC942}") = "Texture Loading and Rendering", "Texture Loading and Rendering\Texture Loading and Rendering.vcxproj", "{05AB0D13-97F3-4667-9F42-D6EA51654E58}"
EndProject
Project("{8BC9CEB8-8B4A-11D0-8D11-00A0C91BC942}") = "Geometry Rendering", "Geometry Rendering\Geometry Rendering.vcxproj", "{7809B051-BCF7-4480-A5BD-25B298875AE8}"
EndProject
Project("{8BC9CEB8-8B4A-11D0-8D11-00A0C91BC942}") = "The Viewport", "The Viewport\The Viewport.vcxproj", "{3A7FEAC6-577A-46C6-9C7F-0988C81A9CAD}"
EndProject
Global
	GlobalSection(SolutionConfigurationPlatforms) = preSolution
		Debug|x64 = Debug|x64
		Debug|x86 = Debug|x86
		Release|x64 = Release|x64
		Release|x86 = Release|x86
	EndGlobalSection
	GlobalSection(ProjectConfigurationPlatforms) = postSolution
		{A82C22C7-4AB2-40B5-A4C9-A56C9D6DC40D}.Debug|x64.ActiveCfg = Debug|x64
		{A82C22C7-4AB2-40B5-A4C9-A56C9D6DC40D}.Debug|x64.Build.0 = Debug|x64
		{A82C22C7-4AB2-40B5-A4C9-A56C9D6DC40D}.Debug|x86.ActiveCfg = Debug|Win32
		{A82C22C7-4AB2-40B5-A4C9-A56C9D6DC40D}.Debug|x86.Build.0 = Debug|Win32
		{A82C22C7-4AB2-40B5-A4C9-A56C9D6DC40D}.Release|x64.ActiveCfg = Release|x64
		{A82C22C7-4AB2-40B5-A4C9-A56C9D6DC40D}.Release|x64.Build.0 = Release|x64
		{A82C22C7-4AB2-40B5-A4C9-A56C9D6DC40D}.Release|x86.ActiveCfg = Release|Win32
		{A82C22C7-4AB2-40B5-A4C9-A56C9D6DC40D}.Release|x86.Build.0 = Release|Win32
		{95F4ADED-8AFB-4281-B0F7-62709BBA95D3}.Debug|x64.ActiveCfg = Debug|x64
		{95F4ADED-8AFB-4281-B0F7-62709BBA95D3}.Debug|x64.Build.0 = Debug|x64
		{95F4ADED-8AFB-4281-B0F7-62709BBA95D3}.Debug|x86.ActiveCfg = Debug|Win32
		{95F4ADED-8AFB-4281-B0F7-62709BBA95D3}.Debug|x86.Build.0 = Debug|Win32
		{95F4ADED-8AFB-4281-B0F7-62709BBA95D3}.Release|x64.ActiveCfg = Release|x64
		{95F4ADED-8AFB-4281-B0F7-62709BBA95D3}.Release|x64.Build.0 = Release|x64
		{95F4ADED-8AFB-4281-B0F7-62709BBA95D3}.Release|x86.ActiveCfg = Release|Win32
		{95F4ADED-8AFB-4281-B0F7-62709BBA95D3}.Release|x86.Build.0 = Release|Win32
		{389D02A2-AEF6-440F-B275-83005FEA300D}.Debug|x64.ActiveCfg = Debug|x64
		{389D02A2-AEF6-440F-B275-83005FEA300D}.Debug|x64.Build.0 = Debug|x64
		{389D02A2-AEF6-440F-B275-83005FEA300D}.Debug|x86.ActiveCfg = Debug|Win32
		{389D02A2-AEF6-440F-B275-83005FEA300D}.Debug|x86.Build.0 = Debug|Win32
		{389D02A2-AEF6-440F-B275-83005FEA300D}.Release|x64.ActiveCfg = Release|x64
		{389D02A2-AEF6-440F-B275-83005FEA300D}.Release|x64.Build.0 = Release|x64
		{389D02A2-AEF6-440F-B275-83005FEA300D}.Release|x86.ActiveCfg = Release|Win32
		{389D02A2-AEF6-440F-B275-83005FEA300D}.Release|x86.Build.0 = Release|Win32
		{2A062153-9588-41ED-84AA-3808EF6CDDBD}.Debug|x64.ActiveCfg = Debug|x64
		{2A062153-9588-41ED-84AA-3808EF6CDDBD}.Debug|x64.Build.0 = Debug|x64
		{2A062153-9588-41ED-84AA-3808EF6CDDBD}.Debug|x86.ActiveCfg = Debug|Win32
		{2A062153-9588-41ED-84AA-3808EF6CDDBD}.Debug|x86.Build.0 = Debug|Win32
		{2A062153-9588-41ED-84AA-3808EF6CDDBD}.Release|x64.ActiveCfg = Release|x64
		{2A062153-9588-41ED-84AA-3808EF6CDDBD}.Release|x64.Build.0 = Release|x64
		{2A062153-9588-41ED-84AA-3808EF6CDDBD}.Release|x86.ActiveCfg = Release|Win32
		{2A062153-9588-41ED-84AA-3808EF6CDDBD}.Release|x86.Build.0 = Release|Win32
		{399FEDFE-22B3-4DB2-9A32-B3CDDA4E9276}.Debug|x64.ActiveCfg = Debug|x64
		{399FEDFE-22B3-4DB2-9A32-B3CDDA4E9276}.Debug|x64.Build.0 = Debug|x64
		{399FEDFE-22B3-4DB2-9A32-B3CDDA4E9276}.Debug|x86.ActiveCfg = Debug|Win32
		{399FEDFE-22B3-4DB2-9A32-B3CDDA4E9276}.Debug|x86.Build.0 = Debug|Win32
		{399FEDFE-22B3-4DB2-9A32-B3CDDA4E9276}.Release|x64.ActiveCfg = Release|x64
		{399FEDFE-22B3-4DB2-9A32-B3CDDA4E9276}.Release|x64.Build.0 = Release|x64
		{399FEDFE-22B3-4DB2-9A32-B3CDDA4E9276}.Release|x86.ActiveCfg = Release|Win32
		{399FEDFE-22B3-4DB2-9A32-B3CDDA4E9276}.Release|x86.Build.0 = Release|Win32
		{BD6A6F1A-1C1C-4AD4-8AD6-60AB15091FC5}.Debug|x64.ActiveCfg = Debug|x64
		{BD6A6F1A-1C1C-4AD4-8AD6-60AB15091FC5}.Debug|x64.Build.0 = Debug|x64
		{BD6A6F1A-1C1C-4AD4-8AD6-60AB15091FC5}.Debug|x86.ActiveCfg = Debug|Win32
		{BD6A6F1A-1C1C-4AD4-8AD6-60AB15091FC5}.Debug|x86.Build.0 = Debug|Win32
		{BD6A6F1A-1C1C-4AD4-8AD6-60AB15091FC5}.Release|x64.ActiveCfg = Release|x64
		{BD6A6F1A-1C1C-4AD4-8AD6-60AB15091FC5}.Release|x64.Build.0 = Release|x64
		{BD6A6F1A-1C1C-4AD4-8AD6-60AB15091FC5}.Release|x86.ActiveCfg = Release|Win32
		{BD6A6F1A-1C1C-4AD4-8AD6-60AB15091FC5}.Release|x86.Build.0 = Release|Win32
		{05AB0D13-97F3-4667-9F42-D6EA51654E58}.Debug|x64.ActiveCfg = Debug|x64
		{05AB0D13-97F3-4667-9F42-D6EA51654E58}.Debug|x64.Build.0 = Debug|x64
		{05AB0D13-97F3-4667-9F42-D6EA51654E58}.Debug|x86.ActiveCfg = Debug|Win32
		{05AB0D13-97F3-4667-9F42-D6EA51654E58}.Debug|x86.Build.0 = Debug|Win32
		{05AB0D13-97F3-4667-9F42-D6EA51654E58}.Release|x64.ActiveCfg = Release|x64
		{05AB0D13-97F3-4667-9F42-D6EA51654E58}.Release|x64.Build.0 = Release|x64
		{05AB0D13-97F3-4667-9F42-D6EA51654E58}.Release|x86.ActiveCfg = Release|Win32
		{05AB0D13-97F3-4667-9F42-D6EA51654E58}.Release|x86.Build.0 = Release|Win32
		{7809B051-BCF7-4480-A5BD-25B298875AE8}.Debug|x64.ActiveCfg = Debug|x64
		{7809B051-BCF7-4480-A5BD-25B298875AE8}.Debug|x64.Build.0 = Debug|x64
		{7809B051-BCF7-4480-A5BD-25B298875AE8}.Debug|x86.ActiveCfg = Debug|Win32
		{7809B051-BCF7-4480-A5BD-25B298875AE8}.Debug|x86.Build.0 = Debug|Win32
		{7809B051-BCF7-4480-A5BD-25B298875AE8}.Release|x64.ActiveCfg = Release|x64
		{7809B051-BCF7-4480-A5BD-25B298875AE8}.Release|x64.Build.0 = Release|x64
		{7809B051-BCF7-4480-A5BD-25B298875AE8}.Release|x86.ActiveCfg = Release|Win32
		{7809B051-BCF7-4480-A5BD-25B298875AE8}.Release|x86.Build.0 = Release|Win32
		{3A7FEAC6-577A-46C6-9C7F-0988C81A9CAD}.Debug|x64.ActiveCfg = Debug|x64
		{3A7FEAC6-577A-46C6-9C7F-0988C81A9CAD}.Debug|x64.Build.0 = Debug|x64
		{3A7FEAC6-577A-46C6-9C7F-0988C81A9CAD}.Debug|x86.ActiveCfg = Debug|Win32
		{3A7FEAC6-577A-46C6-9C7F-0988C81A9CAD}.Debug|x86.Build.0 = Debug|Win32
		{3A7FEAC6-577A-46C6-9C7F-0988C81A9CAD}.Release|x64.ActiveCfg = Release|x64
		{3A7FEAC6-577A-46C6-9C7F-0988C81A9CAD}.Release|x64.Build.0 = Release|x64
		{3A7FEAC6-577A-46C6-9C7F-0988C81A9CAD}.Release|x86.ActiveCfg = Release|Win32
		{3A7FEAC6-577A-46C6-9C7F-0988C81A9CAD}.Release|x86.Build.0 = Release|Win32
	EndGlobalSection
	GlobalSection(SolutionProperties) = preSolution
		HideSolutionNode = FALSE
	EndGlobalSection
EndGlobal
